
Microsoft Visual Studio Solution File, Format Version 12.00
# Visual Studio 15
VisualStudioVersion = 15.0.27428.2037
MinimumVisualStudioVersion = 10.0.40219.1
Project("{8BC9CEB8-8B4A-11D0-8D11-00A0C91BC942}") = "SteeringBehavior", "SteeringBehavior\SteeringBehavior.vcxproj", "{FAC28AB6-C289-49C5-BC00-8382EDCD5413}"
EndProject
Project("{8BC9CEB8-8B4A-11D0-8D11-00A0C91BC942}") = "SoccerAI", "SoccerAI\SoccerAI.vcxproj", "{A336C593-8CDC-4CCF-BFD3-E3EEB508CC5A}"
EndProject
Global
	GlobalSection(SolutionConfigurationPlatforms) = preSolution
		Debug|x64 = Debug|x64
		Debug|x86 = Debug|x86
		Release|x64 = Release|x64
		Release|x86 = Release|x86
	EndGlobalSection
	GlobalSection(ProjectConfigurationPlatforms) = postSolution
		{FAC28AB6-C289-49C5-BC00-8382EDCD5413}.Debug|x64.ActiveCfg = Debug|x64
		{FAC28AB6-C289-49C5-BC00-8382EDCD5413}.Debug|x64.Build.0 = Debug|x64
		{FAC28AB6-C289-49C5-BC00-8382EDCD5413}.Debug|x86.ActiveCfg = Debug|Win32
		{FAC28AB6-C289-49C5-BC00-8382EDCD5413}.Debug|x86.Build.0 = Debug|Win32
		{FAC28AB6-C289-49C5-BC00-8382EDCD5413}.Release|x64.ActiveCfg = Release|x64
		{FAC28AB6-C289-49C5-BC00-8382EDCD5413}.Release|x64.Build.0 = Release|x64
		{FAC28AB6-C289-49C5-BC00-8382EDCD5413}.Release|x86.ActiveCfg = Release|Win32
		{FAC28AB6-C289-49C5-BC00-8382EDCD5413}.Release|x86.Build.0 = Release|Win32
		{A336C593-8CDC-4CCF-BFD3-E3EEB508CC5A}.Debug|x64.ActiveCfg = Debug|x64
		{A336C593-8CDC-4CCF-BFD3-E3EEB508CC5A}.Debug|x64.Build.0 = Debug|x64
		{A336C593-8CDC-4CCF-BFD3-E3EEB508CC5A}.Debug|x86.ActiveCfg = Debug|Win32
		{A336C593-8CDC-4CCF-BFD3-E3EEB508CC5A}.Debug|x86.Build.0 = Debug|Win32
		{A336C593-8CDC-4CCF-BFD3-E3EEB508CC5A}.Release|x64.ActiveCfg = Release|x64
		{A336C593-8CDC-4CCF-BFD3-E3EEB508CC5A}.Release|x64.Build.0 = Release|x64
		{A336C593-8CDC-4CCF-BFD3-E3EEB508CC5A}.Release|x86.ActiveCfg = Release|Win32
		{A336C593-8CDC-4CCF-BFD3-E3EEB508CC5A}.Release|x86.Build.0 = Release|Win32
	EndGlobalSection
	GlobalSection(SolutionProperties) = preSolution
		HideSolutionNode = FALSE
	EndGlobalSection
	GlobalSection(ExtensibilityGlobals) = postSolution
		SolutionGuid = {63C9BEE1-4282-4F08-AC42-61A73CC231BE}
	EndGlobalSection
EndGlobal
